
Microsoft Visual Studio Solution File, Format Version 12.00
# Visual Studio Version 17
VisualStudioVersion = 17.7.34031.279
MinimumVisualStudioVersion = 10.0.40219.1
Project("{FAE04EC0-301F-11D3-BF4B-00C04F79EFBC}") = "Zmrzlina", "Zmrzlina.csproj", "{D420363E-2B21-4EC9-AB03-BB050A9B095A}"
EndProject
Global
	GlobalSection(SolutionConfigurationPlatforms) = preSolution
		Debug|Any CPU = Debug|Any CPU
		Release|Any CPU = Release|Any CPU
	EndGlobalSection
	GlobalSection(ProjectConfigurationPlatforms) = postSolution
		{D420363E-2B21-4EC9-AB03-BB050A9B095A}.Debug|Any CPU.ActiveCfg = Debug|Any CPU
		{D420363E-2B21-4EC9-AB03-BB050A9B095A}.Debug|Any CPU.Build.0 = Debug|Any CPU
		{D420363E-2B21-4EC9-AB03-BB050A9B095A}.Release|Any CPU.ActiveCfg = Release|Any CPU
		{D420363E-2B21-4EC9-AB03-BB050A9B095A}.Release|Any CPU.Build.0 = Release|Any CPU
	EndGlobalSection
	GlobalSection(SolutionProperties) = preSolution
		HideSolutionNode = FALSE
	EndGlobalSection
	GlobalSection(ExtensibilityGlobals) = postSolution
		SolutionGuid = {95725E0F-ABF6-4F86-84C4-BBE901E212BF}
	EndGlobalSection
EndGlobal
